
Microsoft Visual Studio Solution File, Format Version 12.00
# Visual Studio Version 17
VisualStudioVersion = 17.3.32825.248
MinimumVisualStudioVersion = 10.0.40219.1
Project("{FAE04EC0-301F-11D3-BF4B-00C04F79EFBC}") = "Memory game", "Memory game\Memory game.csproj", "{5B82975D-6C2F-4A93-A947-36F259FAE815}"
EndProject
Global
	GlobalSection(SolutionConfigurationPlatforms) = preSolution
		Debug|Any CPU = Debug|Any CPU
		Release|Any CPU = Release|Any CPU
	EndGlobalSection
	GlobalSection(ProjectConfigurationPlatforms) = postSolution
		{5B82975D-6C2F-4A93-A947-36F259FAE815}.Debug|Any CPU.ActiveCfg = Debug|Any CPU
		{5B82975D-6C2F-4A93-A947-36F259FAE815}.Debug|Any CPU.Build.0 = Debug|Any CPU
		{5B82975D-6C2F-4A93-A947-36F259FAE815}.Release|Any CPU.ActiveCfg = Release|Any CPU
		{5B82975D-6C2F-4A93-A947-36F259FAE815}.Release|Any CPU.Build.0 = Release|Any CPU
	EndGlobalSection
	GlobalSection(SolutionProperties) = preSolution
		HideSolutionNode = FALSE
	EndGlobalSection
	GlobalSection(ExtensibilityGlobals) = postSolution
		SolutionGuid = {73CDFED2-7ADA-4090-A624-55E5326E6512}
	EndGlobalSection
EndGlobal
